
Microsoft Visual Studio Solution File, Format Version 12.00
# Visual Studio Version 17
VisualStudioVersion = 17.8.34302.71
MinimumVisualStudioVersion = 10.0.40219.1
Project("{9A19103F-16F7-4668-BE54-9A1E7A4F7556}") = "DatabaseScaffolding", "DatabaseScaffolding\DatabaseScaffolding.csproj", "{E7A69B11-0D33-4984-8994-E25BDF13434E}"
EndProject
Project("{9A19103F-16F7-4668-BE54-9A1E7A4F7556}") = "Core", "Core\Core.csproj", "{8B8B62F5-42E6-4041-BD76-251DD703291C}"
EndProject
Project("{FAE04EC0-301F-11D3-BF4B-00C04F79EFBC}") = "DatabaseScaffolding.UnitTests", "DatabaseScaffolding.UnitTests\DatabaseScaffolding.UnitTests.csproj", "{5FE551E9-1D7B-4CFD-873B-286470EC4D9D}"
EndProject
Global
	GlobalSection(SolutionConfigurationPlatforms) = preSolution
		Debug|Any CPU = Debug|Any CPU
		Release|Any CPU = Release|Any CPU
	EndGlobalSection
	GlobalSection(ProjectConfigurationPlatforms) = postSolution
		{E7A69B11-0D33-4984-8994-E25BDF13434E}.Debug|Any CPU.ActiveCfg = Debug|Any CPU
		{E7A69B11-0D33-4984-8994-E25BDF13434E}.Debug|Any CPU.Build.0 = Debug|Any CPU
		{E7A69B11-0D33-4984-8994-E25BDF13434E}.Release|Any CPU.ActiveCfg = Release|Any CPU
		{E7A69B11-0D33-4984-8994-E25BDF13434E}.Release|Any CPU.Build.0 = Release|Any CPU
		{8B8B62F5-42E6-4041-BD76-251DD703291C}.Debug|Any CPU.ActiveCfg = Debug|Any CPU
		{8B8B62F5-42E6-4041-BD76-251DD703291C}.Debug|Any CPU.Build.0 = Debug|Any CPU
		{8B8B62F5-42E6-4041-BD76-251DD703291C}.Release|Any CPU.ActiveCfg = Release|Any CPU
		{8B8B62F5-42E6-4041-BD76-251DD703291C}.Release|Any CPU.Build.0 = Release|Any CPU
		{5FE551E9-1D7B-4CFD-873B-286470EC4D9D}.Debug|Any CPU.ActiveCfg = Debug|Any CPU
		{5FE551E9-1D7B-4CFD-873B-286470EC4D9D}.Debug|Any CPU.Build.0 = Debug|Any CPU
		{5FE551E9-1D7B-4CFD-873B-286470EC4D9D}.Release|Any CPU.ActiveCfg = Release|Any CPU
		{5FE551E9-1D7B-4CFD-873B-286470EC4D9D}.Release|Any CPU.Build.0 = Release|Any CPU
	EndGlobalSection
	GlobalSection(SolutionProperties) = preSolution
		HideSolutionNode = FALSE
	EndGlobalSection
	GlobalSection(ExtensibilityGlobals) = postSolution
		SolutionGuid = {D78F709B-F676-4DB2-82DC-A81C8ED0929A}
	EndGlobalSection
EndGlobal
